
Microsoft Visual Studio Solution File, Format Version 12.00
# Visual Studio Version 17
VisualStudioVersion = 17.8.34511.84
MinimumVisualStudioVersion = 10.0.40219.1
Project("{9A19103F-16F7-4668-BE54-9A1E7A4F7556}") = "CopaAmerica2024Model", "CopaAmerica2024Prediction\CopaAmerica2024Model.csproj", "{F50F7F14-9D5E-408F-9F7C-258EB9B3F58D}"
EndProject
Global
	GlobalSection(SolutionConfigurationPlatforms) = preSolution
		Debug|Any CPU = Debug|Any CPU
		Release|Any CPU = Release|Any CPU
	EndGlobalSection
	GlobalSection(ProjectConfigurationPlatforms) = postSolution
		{F50F7F14-9D5E-408F-9F7C-258EB9B3F58D}.Debug|Any CPU.ActiveCfg = Debug|Any CPU
		{F50F7F14-9D5E-408F-9F7C-258EB9B3F58D}.Debug|Any CPU.Build.0 = Debug|Any CPU
		{F50F7F14-9D5E-408F-9F7C-258EB9B3F58D}.Release|Any CPU.ActiveCfg = Release|Any CPU
		{F50F7F14-9D5E-408F-9F7C-258EB9B3F58D}.Release|Any CPU.Build.0 = Release|Any CPU
	EndGlobalSection
	GlobalSection(SolutionProperties) = preSolution
		HideSolutionNode = FALSE
	EndGlobalSection
	GlobalSection(ExtensibilityGlobals) = postSolution
		SolutionGuid = {DC25F4B7-9338-4BF2-AE3A-B4ACD53BAB65}
	EndGlobalSection
EndGlobal
